// !$*UTF8*$!
{
	archiveVersion = 1;
	classes = {
	};
	objectVersion = 56;
	objects = {

/* Begin PBXBuildFile section */
		DD4570802C509FDE0054AE16 /* ChautariApp.swift in Sources */ = {isa = PBXBuildFile; fileRef = DD45707F2C509FDE0054AE16 /* ChautariApp.swift */; };
		DD4570822C509FDE0054AE16 /* ContentView.swift in Sources */ = {isa = PBXBuildFile; fileRef = DD4570812C509FDE0054AE16 /* ContentView.swift */; };
		DD4570842C509FE00054AE16 /* Assets.xcassets in Resources */ = {isa = PBXBuildFile; fileRef = DD4570832C509FE00054AE16 /* Assets.xcassets */; };
		DD4570872C509FE00054AE16 /* Preview Assets.xcassets in Resources */ = {isa = PBXBuildFile; fileRef = DD4570862C509FE00054AE16 /* Preview Assets.xcassets */; };
		DD45708F2C50A0370054AE16 /* IntroView.swift in Sources */ = {isa = PBXBuildFile; fileRef = DD45708E2C50A0370054AE16 /* IntroView.swift */; };
		DD4570912C50A05D0054AE16 /* OnboardingView.swift in Sources */ = {isa = PBXBuildFile; fileRef = DD4570902C50A05D0054AE16 /* OnboardingView.swift */; };
		DD477D142C50C35900E24C0E /* ProfileView.swift in Sources */ = {isa = PBXBuildFile; fileRef = DD477D132C50C35900E24C0E /* ProfileView.swift */; };
		DD66BD9A2C513B7A003BF3F1 /* HomePage.swift in Sources */ = {isa = PBXBuildFile; fileRef = DD66BD992C513B7A003BF3F1 /* HomePage.swift */; };
		DD66BD9C2C5156E9003BF3F1 /* PookiesPage.swift in Sources */ = {isa = PBXBuildFile; fileRef = DD66BD9B2C5156E9003BF3F1 /* PookiesPage.swift */; };
/* End PBXBuildFile section */

/* Begin PBXFileReference section */
		DD45707C2C509FDE0054AE16 /* Chautari.app */ = {isa = PBXFileReference; explicitFileType = wrapper.application; includeInIndex = 0; path = Chautari.app; sourceTree = BUILT_PRODUCTS_DIR; };
		DD45707F2C509FDE0054AE16 /* ChautariApp.swift */ = {isa = PBXFileReference; lastKnownFileType = sourcecode.swift; path = ChautariApp.swift; sourceTree = "<group>"; };
		DD4570812C509FDE0054AE16 /* ContentView.swift */ = {isa = PBXFileReference; lastKnownFileType = sourcecode.swift; path = ContentView.swift; sourceTree = "<group>"; };
		DD4570832C509FE00054AE16 /* Assets.xcassets */ = {isa = PBXFileReference; lastKnownFileType = folder.assetcatalog; path = Assets.xcassets; sourceTree = "<group>"; };
		DD4570862C509FE00054AE16 /* Preview Assets.xcassets */ = {isa = PBXFileReference; lastKnownFileType = folder.assetcatalog; path = "Preview Assets.xcassets"; sourceTree = "<group>"; };
		DD45708E2C50A0370054AE16 /* IntroView.swift */ = {isa = PBXFileReference; lastKnownFileType = sourcecode.swift; path = IntroView.swift; sourceTree = "<group>"; };
		DD4570902C50A05D0054AE16 /* OnboardingView.swift */ = {isa = PBXFileReference; lastKnownFileType = sourcecode.swift; path = OnboardingView.swift; sourceTree = "<group>"; };
		DD477D132C50C35900E24C0E /* ProfileView.swift */ = {isa = PBXFileReference; lastKnownFileType = sourcecode.swift; path = ProfileView.swift; sourceTree = "<group>"; };
		DD66BD992C513B7A003BF3F1 /* HomePage.swift */ = {isa = PBXFileReference; lastKnownFileType = sourcecode.swift; path = HomePage.swift; sourceTree = "<group>"; };
		DD66BD9B2C5156E9003BF3F1 /* PookiesPage.swift */ = {isa = PBXFileReference; lastKnownFileType = sourcecode.swift; path = PookiesPage.swift; sourceTree = "<group>"; };
/* End PBXFileReference section */

/* Begin PBXFrameworksBuildPhase section */
		DD4570792C509FDE0054AE16 /* Frameworks */ = {
			isa = PBXFrameworksBuildPhase;
			buildActionMask = 2147483647;
			files = (
			);
			runOnlyForDeploymentPostprocessing = 0;
		};
/* End PBXFrameworksBuildPhase section */

/* Begin PBXGroup section */
		DD4570732C509FDE0054AE16 = {
			isa = PBXGroup;
			children = (
				DD45707E2C509FDE0054AE16 /* Chautari */,
				DD45707D2C509FDE0054AE16 /* Products */,
			);
			sourceTree = "<group>";
		};
		DD45707D2C509FDE0054AE16 /* Products */ = {
			isa = PBXGroup;
			children = (
				DD45707C2C509FDE0054AE16 /* Chautari.app */,
			);
			name = Products;
			sourceTree = "<group>";
		};
		DD45707E2C509FDE0054AE16 /* Chautari */ = {
			isa = PBXGroup;
			children = (
				DD45707F2C509FDE0054AE16 /* ChautariApp.swift */,
				DD4570812C509FDE0054AE16 /* ContentView.swift */,
				DD45708D2C50A01C0054AE16 /* Onboarding */,
				DD4570832C509FE00054AE16 /* Assets.xcassets */,
				DD4570852C509FE00054AE16 /* Preview Content */,
			);
			path = Chautari;
			sourceTree = "<group>";
		};
		DD4570852C509FE00054AE16 /* Preview Content */ = {
			isa = PBXGroup;
			children = (
				DD4570862C509FE00054AE16 /* Preview Assets.xcassets */,
			);
			path = "Preview Content";
			sourceTree = "<group>";
		};
		DD45708D2C50A01C0054AE16 /* Onboarding */ = {
			isa = PBXGroup;
			children = (
				DD45708E2C50A0370054AE16 /* IntroView.swift */,
				DD66BD9B2C5156E9003BF3F1 /* PookiesPage.swift */,
				DD4570902C50A05D0054AE16 /* OnboardingView.swift */,
				DD477D132C50C35900E24C0E /* ProfileView.swift */,
				DD66BD992C513B7A003BF3F1 /* HomePage.swift */,
			);
			path = Onboarding;
			sourceTree = "<group>";
		};
/* End PBXGroup section */

/* Begin PBXNativeTarget section */
		DD45707B2C509FDE0054AE16 /* Chautari */ = {
			isa = PBXNativeTarget;
			buildConfigurationList = DD45708A2C509FE00054AE16 /* Build configuration list for PBXNativeTarget "Chautari" */;
			buildPhases = (
				DD4570782C509FDE0054AE16 /* Sources */,
				DD4570792C509FDE0054AE16 /* Frameworks */,
				DD45707A2C509FDE0054AE16 /* Resources */,
			);
			buildRules = (
			);
			dependencies = (
			);
			name = Chautari;
			productName = Chautari;
			productReference = DD45707C2C509FDE0054AE16 /* Chautari.app */;
			productType = "com.apple.product-type.application";
		};
/* End PBXNativeTarget section */

/* Begin PBXProject section */
		DD4570742C509FDE0054AE16 /* Project object */ = {
			isa = PBXProject;
			attributes = {
				BuildIndependentTargetsInParallel = 1;
				LastSwiftUpdateCheck = 1540;
				LastUpgradeCheck = 1540;
				TargetAttributes = {
					DD45707B2C509FDE0054AE16 = {
						CreatedOnToolsVersion = 15.4;
					};
				};
			};
			buildConfigurationList = DD4570772C509FDE0054AE16 /* Build configuration list for PBXProject "Chautari" */;
			compatibilityVersion = "Xcode 14.0";
			developmentRegion = en;
			hasScannedForEncodings = 0;
			knownRegions = (
				en,
				Base,
			);
			mainGroup = DD4570732C509FDE0054AE16;
			productRefGroup = DD45707D2C509FDE0054AE16 /* Products */;
			projectDirPath = "";
			projectRoot = "";
			targets = (
				DD45707B2C509FDE0054AE16 /* Chautari */,
			);
		};
/* End PBXProject section */

/* Begin PBXResourcesBuildPhase section */
		DD45707A2C509FDE0054AE16 /* Resources */ = {
			isa = PBXResourcesBuildPhase;
			buildActionMask = 2147483647;
			files = (
				DD4570872C509FE00054AE16 /* Preview Assets.xcassets in Resources */,
				DD4570842C509FE00054AE16 /* Assets.xcassets in Resources */,
			);
			runOnlyForDeploymentPostprocessing = 0;
		};
/* End PBXResourcesBuildPhase section */

/* Begin PBXSourcesBuildPhase section */
		DD4570782C509FDE0054AE16 /* Sources */ = {
			isa = PBXSourcesBuildPhase;
			buildActionMask = 2147483647;
			files = (
				DD4570822C509FDE0054AE16 /* ContentView.swift in Sources */,
				DD66BD9C2C5156E9003BF3F1 /* PookiesPage.swift in Sources */,
				DD66BD9A2C513B7A003BF3F1 /* HomePage.swift in Sources */,
				DD4570912C50A05D0054AE16 /* OnboardingView.swift in Sources */,
				DD477D142C50C35900E24C0E /* ProfileView.swift in Sources */,
				DD4570802C509FDE0054AE16 /* ChautariApp.swift in Sources */,
				DD45708F2C50A0370054AE16 /* IntroView.swift in Sources */,
			);
			runOnlyForDeploymentPostprocessing = 0;
		};
/* End PBXSourcesBuildPhase section */

/* Begin XCBuildConfiguration section */
		DD4570882C509FE00054AE16 /* Debug */ = {
			isa = XCBuildConfiguration;
			buildSettings = {
				ALWAYS_SEARCH_USER_PATHS = NO;
				ASSETCATALOG_COMPILER_GENERATE_SWIFT_ASSET_SYMBOL_EXTENSIONS = YES;
				CLANG_ANALYZER_NONNULL = YES;
				CLANG_ANALYZER_NUMBER_OBJECT_CONVERSION = YES_AGGRESSIVE;
				CLANG_CXX_LANGUAGE_STANDARD = "gnu++20";
				CLANG_ENABLE_MODULES = YES;
				CLANG_ENABLE_OBJC_ARC = YES;
				CLANG_ENABLE_OBJC_WEAK = YES;
				CLANG_WARN_BLOCK_CAPTURE_AUTORELEASING = YES;
				CLANG_WARN_BOOL_CONVERSION = YES;
				CLANG_WARN_COMMA = YES;
				CLANG_WARN_CONSTANT_CONVERSION = YES;
				CLANG_WARN_DEPRECATED_OBJC_IMPLEMENTATIONS = YES;
				CLANG_WARN_DIRECT_OBJC_ISA_USAGE = YES_ERROR;
				CLANG_WARN_DOCUMENTATION_COMMENTS = YES;
				CLANG_WARN_EMPTY_BODY = YES;
				CLANG_WARN_ENUM_CONVERSION = YES;
				CLANG_WARN_INFINITE_RECURSION = YES;
				CLANG_WARN_INT_CONVERSION = YES;
				CLANG_WARN_NON_LITERAL_NULL_CONVERSION = YES;
				CLANG_WARN_OBJC_IMPLICIT_RETAIN_SELF = YES;
				CLANG_WARN_OBJC_LITERAL_CONVERSION = YES;
				CLANG_WARN_OBJC_ROOT_CLASS = YES_ERROR;
				CLANG_WARN_QUOTED_INCLUDE_IN_FRAMEWORK_HEADER = YES;
				CLANG_WARN_RANGE_LOOP_ANALYSIS = YES;
				CLANG_WARN_STRICT_PROTOTYPES = YES;
				CLANG_WARN_SUSPICIOUS_MOVE = YES;
				CLANG_WARN_UNGUARDED_AVAILABILITY = YES_AGGRESSIVE;
				CLANG_WARN_UNREACHABLE_CODE = YES;
				CLANG_WARN__DUPLICATE_METHOD_MATCH = YES;
				COPY_PHASE_STRIP = NO;
				DEBUG_INFORMATION_FORMAT = dwarf;
				ENABLE_STRICT_OBJC_MSGSEND = YES;
				ENABLE_TESTABILITY = YES;
				ENABLE_USER_SCRIPT_SANDBOXING = YES;
				GCC_C_LANGUAGE_STANDARD = gnu17;
				GCC_DYNAMIC_NO_PIC = NO;
				GCC_NO_COMMON_BLOCKS = YES;
				GCC_OPTIMIZATION_LEVEL = 0;
				GCC_PREPROCESSOR_DEFINITIONS = (
					"DEBUG=1",
					"$(inherited)",
				);
				GCC_WARN_64_TO_32_BIT_CONVERSION = YES;
				GCC_WARN_ABOUT_RETURN_TYPE = YES_ERROR;
				GCC_WARN_UNDECLARED_SELECTOR = YES;
				GCC_WARN_UNINITIALIZED_AUTOS = YES_AGGRESSIVE;
				GCC_WARN_UNUSED_FUNCTION = YES;
				GCC_WARN_UNUSED_VARIABLE = YES;
				IPHONEOS_DEPLOYMENT_TARGET = 17.5;
				LOCALIZATION_PREFERS_STRING_CATALOGS = YES;
				MTL_ENABLE_DEBUG_INFO = INCLUDE_SOURCE;
				MTL_FAST_MATH = YES;
				ONLY_ACTIVE_ARCH = YES;
				SDKROOT = iphoneos;
				SWIFT_ACTIVE_COMPILATION_CONDITIONS = "DEBUG $(inherited)";
				SWIFT_OPTIMIZATION_LEVEL = "-Onone";
			};
			name = Debug;
		};
		DD4570892C509FE00054AE16 /* Release */ = {
			isa = XCBuildConfiguration;
			buildSettings = {
				ALWAYS_SEARCH_USER_PATHS = NO;
				ASSETCATALOG_COMPILER_GENERATE_SWIFT_ASSET_SYMBOL_EXTENSIONS = YES;
				CLANG_ANALYZER_NONNULL = YES;
				CLANG_ANALYZER_NUMBER_OBJECT_CONVERSION = YES_AGGRESSIVE;
				CLANG_CXX_LANGUAGE_STANDARD = "gnu++20";
				CLANG_ENABLE_MODULES = YES;
				CLANG_ENABLE_OBJC_ARC = YES;
				CLANG_ENABLE_OBJC_WEAK = YES;
				CLANG_WARN_BLOCK_CAPTURE_AUTORELEASING = YES;
				CLANG_WARN_BOOL_CONVERSION = YES;
				CLANG_WARN_COMMA = YES;
				CLANG_WARN_CONSTANT_CONVERSION = YES;
				CLANG_WARN_DEPRECATED_OBJC_IMPLEMENTATIONS = YES;
				CLANG_WARN_DIRECT_OBJC_ISA_USAGE = YES_ERROR;
				CLANG_WARN_DOCUMENTATION_COMMENTS = YES;
				CLANG_WARN_EMPTY_BODY = YES;
				CLANG_WARN_ENUM_CONVERSION = YES;
				CLANG_WARN_INFINITE_RECURSION = YES;
				CLANG_WARN_INT_CONVERSION = YES;
				CLANG_WARN_NON_LITERAL_NULL_CONVERSION = YES;
				CLANG_WARN_OBJC_IMPLICIT_RETAIN_SELF = YES;
				CLANG_WARN_OBJC_LITERAL_CONVERSION = YES;
				CLANG_WARN_OBJC_ROOT_CLASS = YES_ERROR;
				CLANG_WARN_QUOTED_INCLUDE_IN_FRAMEWORK_HEADER = YES;
				CLANG_WARN_RANGE_LOOP_ANALYSIS = YES;
				CLANG_WARN_STRICT_PROTOTYPES = YES;
				CLANG_WARN_SUSPICIOUS_MOVE = YES;
				CLANG_WARN_UNGUARDED_AVAILABILITY = YES_AGGRESSIVE;
				CLANG_WARN_UNREACHABLE_CODE = YES;
				CLANG_WARN__DUPLICATE_METHOD_MATCH = YES;
				COPY_PHASE_STRIP = NO;
				DEBUG_INFORMATION_FORMAT = "dwarf-with-dsym";
				ENABLE_NS_ASSERTIONS = NO;
				ENABLE_STRICT_OBJC_MSGSEND = YES;
				ENABLE_USER_SCRIPT_SANDBOXING = YES;
				GCC_C_LANGUAGE_STANDARD = gnu17;
				GCC_NO_COMMON_BLOCKS = YES;
				GCC_WARN_64_TO_32_BIT_CONVERSION = YES;
				GCC_WARN_ABOUT_RETURN_TYPE = YES_ERROR;
				GCC_WARN_UNDECLARED_SELECTOR = YES;
				GCC_WARN_UNINITIALIZED_AUTOS = YES_AGGRESSIVE;
				GCC_WARN_UNUSED_FUNCTION = YES;
				GCC_WARN_UNUSED_VARIABLE = YES;
				IPHONEOS_DEPLOYMENT_TARGET = 17.5;
				LOCALIZATION_PREFERS_STRING_CATALOGS = YES;
				MTL_ENABLE_DEBUG_INFO = NO;
				MTL_FAST_MATH = YES;
				SDKROOT = iphoneos;
				SWIFT_COMPILATION_MODE = wholemodule;
				VALIDATE_PRODUCT = YES;
			};
			name = Release;
		};
		DD45708B2C509FE00054AE16 /* Debug */ = {
			isa = XCBuildConfiguration;
			buildSettings = {
				ASSETCATALOG_COMPILER_APPICON_NAME = AppIcon;
				ASSETCATALOG_COMPILER_GLOBAL_ACCENT_COLOR_NAME = AccentColor;
				CODE_SIGN_STYLE = Automatic;
				CURRENT_PROJECT_VERSION = 1;
				DEVELOPMENT_ASSET_PATHS = "\"Chautari/Preview Content\"";
				DEVELOPMENT_TEAM = VN37N5583Q;
				ENABLE_PREVIEWS = YES;
				GENERATE_INFOPLIST_FILE = YES;
				INFOPLIST_KEY_UIApplicationSceneManifest_Generation = YES;
				INFOPLIST_KEY_UIApplicationSupportsIndirectInputEvents = YES;
				INFOPLIST_KEY_UILaunchScreen_Generation = YES;
				INFOPLIST_KEY_UISupportedInterfaceOrientations_iPad = "UIInterfaceOrientationPortrait UIInterfaceOrientationPortraitUpsideDown UIInterfaceOrientationLandscapeLeft UIInterfaceOrientationLandscapeRight";
				INFOPLIST_KEY_UISupportedInterfaceOrientations_iPhone = "UIInterfaceOrientationPortrait UIInterfaceOrientationLandscapeLeft UIInterfaceOrientationLandscapeRight";
				LD_RUNPATH_SEARCH_PATHS = (
					"$(inherited)",
					"@executable_path/Frameworks",
				);
				MARKETING_VERSION = 1.0;
				PRODUCT_BUNDLE_IDENTIFIER = tiwari.Chautari;
				PRODUCT_NAME = "$(TARGET_NAME)";
				SWIFT_EMIT_LOC_STRINGS = YES;
				SWIFT_VERSION = 5.0;
				TARGETED_DEVICE_FAMILY = "1,2";
			};
			name = Debug;
		};
		DD45708C2C509FE00054AE16 /* Release */ = {
			isa = XCBuildConfiguration;
			buildSettings = {
				ASSETCATALOG_COMPILER_APPICON_NAME = AppIcon;
				ASSETCATALOG_COMPILER_GLOBAL_ACCENT_COLOR_NAME = AccentColor;
				CODE_SIGN_STYLE = Automatic;
				CURRENT_PROJECT_VERSION = 1;
				DEVELOPMENT_ASSET_PATHS = "\"Chautari/Preview Content\"";
				DEVELOPMENT_TEAM = VN37N5583Q;
				ENABLE_PREVIEWS = YES;
				GENERATE_INFOPLIST_FILE = YES;
				INFOPLIST_KEY_UIApplicationSceneManifest_Generation = YES;
				INFOPLIST_KEY_UIApplicationSupportsIndirectInputEvents = YES;
				INFOPLIST_KEY_UILaunchScreen_Generation = YES;
				INFOPLIST_KEY_UISupportedInterfaceOrientations_iPad = "UIInterfaceOrientationPortrait UIInterfaceOrientationPortraitUpsideDown UIInterfaceOrientationLandscapeLeft UIInterfaceOrientationLandscapeRight";
				INFOPLIST_KEY_UISupportedInterfaceOrientations_iPhone = "UIInterfaceOrientationPortrait UIInterfaceOrientationLandscapeLeft UIInterfaceOrientationLandscapeRight";
				LD_RUNPATH_SEARCH_PATHS = (
					"$(inherited)",
					"@executable_path/Frameworks",
				);
				MARKETING_VERSION = 1.0;
				PRODUCT_BUNDLE_IDENTIFIER = tiwari.Chautari;
				PRODUCT_NAME = "$(TARGET_NAME)";
				SWIFT_EMIT_LOC_STRINGS = YES;
				SWIFT_VERSION = 5.0;
				TARGETED_DEVICE_FAMILY = "1,2";
			};
			name = Release;
		};
/* End XCBuildConfiguration section */

/* Begin XCConfigurationList section */
		DD4570772C509FDE0054AE16 /* Build configuration list for PBXProject "Chautari" */ = {
			isa = XCConfigurationList;
			buildConfigurations = (
				DD4570882C509FE00054AE16 /* Debug */,
				DD4570892C509FE00054AE16 /* Release */,
			);
			defaultConfigurationIsVisible = 0;
			defaultConfigurationName = Release;
		};
		DD45708A2C509FE00054AE16 /* Build configuration list for PBXNativeTarget "Chautari" */ = {
			isa = XCConfigurationList;
			buildConfigurations = (
				DD45708B2C509FE00054AE16 /* Debug */,
				DD45708C2C509FE00054AE16 /* Release */,
			);
			defaultConfigurationIsVisible = 0;
			defaultConfigurationName = Release;
		};
/* End XCConfigurationList section */
	};
	rootObject = DD4570742C509FDE0054AE16 /* Project object */;
}
